
Microsoft Visual Studio Solution File, Format Version 12.00
# Visual Studio Version 17
VisualStudioVersion = 17.3.32819.101
MinimumVisualStudioVersion = 10.0.40219.1
Project("{FAE04EC0-301F-11D3-BF4B-00C04F79EFBC}") = "First_Semester_Project", "First_Semester_Project.csproj", "{36A21A98-1CBC-4148-95D2-D7BE7AE26A49}"
EndProject
Global
	GlobalSection(SolutionConfigurationPlatforms) = preSolution
		Debug|Any CPU = Debug|Any CPU
		Release|Any CPU = Release|Any CPU
	EndGlobalSection
	GlobalSection(ProjectConfigurationPlatforms) = postSolution
		{36A21A98-1CBC-4148-95D2-D7BE7AE26A49}.Debug|Any CPU.ActiveCfg = Debug|Any CPU
		{36A21A98-1CBC-4148-95D2-D7BE7AE26A49}.Debug|Any CPU.Build.0 = Debug|Any CPU
		{36A21A98-1CBC-4148-95D2-D7BE7AE26A49}.Release|Any CPU.ActiveCfg = Release|Any CPU
		{36A21A98-1CBC-4148-95D2-D7BE7AE26A49}.Release|Any CPU.Build.0 = Release|Any CPU
	EndGlobalSection
	GlobalSection(SolutionProperties) = preSolution
		HideSolutionNode = FALSE
	EndGlobalSection
	GlobalSection(ExtensibilityGlobals) = postSolution
		SolutionGuid = {338C0A48-D990-4621-9723-8421E5B5F641}
	EndGlobalSection
EndGlobal
